
Microsoft Visual Studio Solution File, Format Version 12.00
# Visual Studio Version 17
VisualStudioVersion = 17.0.31903.59
MinimumVisualStudioVersion = 10.0.40219.1
Project("{2150E333-8FDC-42A3-9474-1A3956D46DE8}") = "1.Core", "1.Core", "{DE581528-7803-4D64-98AC-0F22B9C872BF}"
EndProject
Project("{9A19103F-16F7-4668-BE54-9A1E7A4F7556}") = "Contracts", "src\Core\Contracts\Contracts.csproj", "{1B711E9F-6864-4074-9213-524CD2C209B4}"
EndProject
Project("{9A19103F-16F7-4668-BE54-9A1E7A4F7556}") = "1.Domain", "src\Core\Domain\1.Domain.csproj", "{1F3AA87E-483A-483D-9793-F89B1FAC77E9}"
EndProject
Project("{9A19103F-16F7-4668-BE54-9A1E7A4F7556}") = "Services.Abstractions", "src\Core\Services.Abstractions\Services.Abstractions.csproj", "{78F06303-C0E7-416C-AD63-B562D86AE0A9}"
EndProject
Project("{2150E333-8FDC-42A3-9474-1A3956D46DE8}") = "3.Infrastructure", "3.Infrastructure", "{A8DAF573-43BE-45FA-B079-3B0D95FF48E8}"
EndProject
Project("{9A19103F-16F7-4668-BE54-9A1E7A4F7556}") = "Persistance", "src\Infrastructure\Persistance\Persistance.csproj", "{DC32FF88-F49E-4C40-8B8A-86BE95B6FCFA}"
EndProject
Project("{9A19103F-16F7-4668-BE54-9A1E7A4F7556}") = "Presentation", "src\Infrastructure\Presentation\Presentation.csproj", "{763AE962-8E60-4864-AA39-BA59EBA486A5}"
EndProject
Project("{9A19103F-16F7-4668-BE54-9A1E7A4F7556}") = "Web", "src\Web\Web.csproj", "{458C3DDF-690F-43BF-A121-DBDF8E7EA57B}"
EndProject
Project("{9A19103F-16F7-4668-BE54-9A1E7A4F7556}") = "TestArchUnitNet", "test\testArhUnitNet\TestArchUnitNet.csproj", "{54EE4F33-F6C8-405F-8384-6EC2BF72849A}"
EndProject
Project("{2150E333-8FDC-42A3-9474-1A3956D46DE8}") = "Tests", "Tests", "{52FC3983-F0CD-4311-84BF-F03D0F60D777}"
EndProject
Project("{2150E333-8FDC-42A3-9474-1A3956D46DE8}") = "Src", "Src", "{F688D06F-2DC4-4557-866B-BFD3EA7D10A9}"
EndProject
Project("{2150E333-8FDC-42A3-9474-1A3956D46DE8}") = "2.Services", "2.Services", "{AE775409-5D17-4C08-BD9D-8A3D9A8A3982}"
EndProject
Project("{9A19103F-16F7-4668-BE54-9A1E7A4F7556}") = "Services", "src\Services\Services.csproj", "{1404E41B-F3F5-4BA0-BA2A-32C0D3FF54BA}"
EndProject
Global
	GlobalSection(SolutionConfigurationPlatforms) = preSolution
		Debug|Any CPU = Debug|Any CPU
		Release|Any CPU = Release|Any CPU
	EndGlobalSection
	GlobalSection(ProjectConfigurationPlatforms) = postSolution
		{1B711E9F-6864-4074-9213-524CD2C209B4}.Debug|Any CPU.ActiveCfg = Debug|Any CPU
		{1B711E9F-6864-4074-9213-524CD2C209B4}.Debug|Any CPU.Build.0 = Debug|Any CPU
		{1B711E9F-6864-4074-9213-524CD2C209B4}.Release|Any CPU.ActiveCfg = Release|Any CPU
		{1B711E9F-6864-4074-9213-524CD2C209B4}.Release|Any CPU.Build.0 = Release|Any CPU
		{1F3AA87E-483A-483D-9793-F89B1FAC77E9}.Debug|Any CPU.ActiveCfg = Debug|Any CPU
		{1F3AA87E-483A-483D-9793-F89B1FAC77E9}.Debug|Any CPU.Build.0 = Debug|Any CPU
		{1F3AA87E-483A-483D-9793-F89B1FAC77E9}.Release|Any CPU.ActiveCfg = Release|Any CPU
		{1F3AA87E-483A-483D-9793-F89B1FAC77E9}.Release|Any CPU.Build.0 = Release|Any CPU
		{78F06303-C0E7-416C-AD63-B562D86AE0A9}.Debug|Any CPU.ActiveCfg = Debug|Any CPU
		{78F06303-C0E7-416C-AD63-B562D86AE0A9}.Debug|Any CPU.Build.0 = Debug|Any CPU
		{78F06303-C0E7-416C-AD63-B562D86AE0A9}.Release|Any CPU.ActiveCfg = Release|Any CPU
		{78F06303-C0E7-416C-AD63-B562D86AE0A9}.Release|Any CPU.Build.0 = Release|Any CPU
		{DC32FF88-F49E-4C40-8B8A-86BE95B6FCFA}.Debug|Any CPU.ActiveCfg = Debug|Any CPU
		{DC32FF88-F49E-4C40-8B8A-86BE95B6FCFA}.Debug|Any CPU.Build.0 = Debug|Any CPU
		{DC32FF88-F49E-4C40-8B8A-86BE95B6FCFA}.Release|Any CPU.ActiveCfg = Release|Any CPU
		{DC32FF88-F49E-4C40-8B8A-86BE95B6FCFA}.Release|Any CPU.Build.0 = Release|Any CPU
		{763AE962-8E60-4864-AA39-BA59EBA486A5}.Debug|Any CPU.ActiveCfg = Debug|Any CPU
		{763AE962-8E60-4864-AA39-BA59EBA486A5}.Debug|Any CPU.Build.0 = Debug|Any CPU
		{763AE962-8E60-4864-AA39-BA59EBA486A5}.Release|Any CPU.ActiveCfg = Release|Any CPU
		{763AE962-8E60-4864-AA39-BA59EBA486A5}.Release|Any CPU.Build.0 = Release|Any CPU
		{458C3DDF-690F-43BF-A121-DBDF8E7EA57B}.Debug|Any CPU.ActiveCfg = Debug|Any CPU
		{458C3DDF-690F-43BF-A121-DBDF8E7EA57B}.Debug|Any CPU.Build.0 = Debug|Any CPU
		{458C3DDF-690F-43BF-A121-DBDF8E7EA57B}.Release|Any CPU.ActiveCfg = Release|Any CPU
		{458C3DDF-690F-43BF-A121-DBDF8E7EA57B}.Release|Any CPU.Build.0 = Release|Any CPU
		{54EE4F33-F6C8-405F-8384-6EC2BF72849A}.Debug|Any CPU.ActiveCfg = Debug|Any CPU
		{54EE4F33-F6C8-405F-8384-6EC2BF72849A}.Debug|Any CPU.Build.0 = Debug|Any CPU
		{54EE4F33-F6C8-405F-8384-6EC2BF72849A}.Release|Any CPU.ActiveCfg = Release|Any CPU
		{54EE4F33-F6C8-405F-8384-6EC2BF72849A}.Release|Any CPU.Build.0 = Release|Any CPU
		{1404E41B-F3F5-4BA0-BA2A-32C0D3FF54BA}.Debug|Any CPU.ActiveCfg = Debug|Any CPU
		{1404E41B-F3F5-4BA0-BA2A-32C0D3FF54BA}.Debug|Any CPU.Build.0 = Debug|Any CPU
		{1404E41B-F3F5-4BA0-BA2A-32C0D3FF54BA}.Release|Any CPU.ActiveCfg = Release|Any CPU
		{1404E41B-F3F5-4BA0-BA2A-32C0D3FF54BA}.Release|Any CPU.Build.0 = Release|Any CPU
	EndGlobalSection
	GlobalSection(SolutionProperties) = preSolution
		HideSolutionNode = FALSE
	EndGlobalSection
	GlobalSection(NestedProjects) = preSolution
		{DE581528-7803-4D64-98AC-0F22B9C872BF} = {F688D06F-2DC4-4557-866B-BFD3EA7D10A9}
		{1B711E9F-6864-4074-9213-524CD2C209B4} = {DE581528-7803-4D64-98AC-0F22B9C872BF}
		{1F3AA87E-483A-483D-9793-F89B1FAC77E9} = {DE581528-7803-4D64-98AC-0F22B9C872BF}
		{78F06303-C0E7-416C-AD63-B562D86AE0A9} = {DE581528-7803-4D64-98AC-0F22B9C872BF}
		{A8DAF573-43BE-45FA-B079-3B0D95FF48E8} = {F688D06F-2DC4-4557-866B-BFD3EA7D10A9}
		{DC32FF88-F49E-4C40-8B8A-86BE95B6FCFA} = {A8DAF573-43BE-45FA-B079-3B0D95FF48E8}
		{763AE962-8E60-4864-AA39-BA59EBA486A5} = {A8DAF573-43BE-45FA-B079-3B0D95FF48E8}
		{458C3DDF-690F-43BF-A121-DBDF8E7EA57B} = {F688D06F-2DC4-4557-866B-BFD3EA7D10A9}
		{54EE4F33-F6C8-405F-8384-6EC2BF72849A} = {52FC3983-F0CD-4311-84BF-F03D0F60D777}
		{AE775409-5D17-4C08-BD9D-8A3D9A8A3982} = {F688D06F-2DC4-4557-866B-BFD3EA7D10A9}
		{1404E41B-F3F5-4BA0-BA2A-32C0D3FF54BA} = {AE775409-5D17-4C08-BD9D-8A3D9A8A3982}
	EndGlobalSection
	GlobalSection(ExtensibilityGlobals) = postSolution
		SolutionGuid = {F74BDF98-B1C1-4F4A-B71D-C474D6186656}
	EndGlobalSection
EndGlobal
