
Microsoft Visual Studio Solution File, Format Version 12.00
# Visual Studio Version 17
VisualStudioVersion = 17.5.002.0
MinimumVisualStudioVersion = 10.0.40219.1
Project("{9A19103F-16F7-4668-BE54-9A1E7A4F7556}") = "Web3", "Web3\Web3.csproj", "{B8CA28C7-9776-4F97-B1B9-D13DFF964CCE}"
EndProject
Project("{2150E333-8FDC-42A3-9474-1A3956D46DE8}") = "Core", "Core", "{90562C82-9BD4-4483-B283-4C76AD2AE2C1}"
EndProject
Project("{9A19103F-16F7-4668-BE54-9A1E7A4F7556}") = "Contracts", "Core\Contracts\Contracts.csproj", "{A7440BDF-E4F7-4B12-B6F0-B7D35002E47F}"
EndProject
Project("{9A19103F-16F7-4668-BE54-9A1E7A4F7556}") = "Domain", "Core\Domain\Domain.csproj", "{9A681AF7-BC88-4FFB-8E6C-1F908C80D943}"
EndProject
Project("{9A19103F-16F7-4668-BE54-9A1E7A4F7556}") = "Services", "Core\Services\Services.csproj", "{2BCF536F-BDA6-4A2C-B2CA-512105BDD284}"
EndProject
Project("{9A19103F-16F7-4668-BE54-9A1E7A4F7556}") = "Services.Abstractions", "Core\Services.Abstractions\Services.Abstractions.csproj", "{2C72FA4F-4C50-4A87-AF79-F071111A6F19}"
EndProject
Project("{2150E333-8FDC-42A3-9474-1A3956D46DE8}") = "Infrastructure", "Infrastructure", "{69E43EBB-EF93-4BC4-B4B2-6A46A03AC173}"
EndProject
Project("{9A19103F-16F7-4668-BE54-9A1E7A4F7556}") = "Persistance", "Infrastructure\Persistance\Persistance.csproj", "{1FB9F0B4-B9A3-41CD-BC19-533524D82FA4}"
EndProject
Project("{9A19103F-16F7-4668-BE54-9A1E7A4F7556}") = "Presentation", "Infrastructure\Presentation\Presentation.csproj", "{77A19DAB-E11F-4CD3-8EE2-57331C6BCEED}"
EndProject
Global
	GlobalSection(SolutionConfigurationPlatforms) = preSolution
		Debug|Any CPU = Debug|Any CPU
		Release|Any CPU = Release|Any CPU
	EndGlobalSection
	GlobalSection(ProjectConfigurationPlatforms) = postSolution
		{B8CA28C7-9776-4F97-B1B9-D13DFF964CCE}.Debug|Any CPU.ActiveCfg = Debug|Any CPU
		{B8CA28C7-9776-4F97-B1B9-D13DFF964CCE}.Debug|Any CPU.Build.0 = Debug|Any CPU
		{B8CA28C7-9776-4F97-B1B9-D13DFF964CCE}.Release|Any CPU.ActiveCfg = Release|Any CPU
		{B8CA28C7-9776-4F97-B1B9-D13DFF964CCE}.Release|Any CPU.Build.0 = Release|Any CPU
		{D4D0AAC5-0144-4E06-8B52-D996DB0BC187}.Debug|Any CPU.ActiveCfg = Debug|Any CPU
		{D4D0AAC5-0144-4E06-8B52-D996DB0BC187}.Debug|Any CPU.Build.0 = Debug|Any CPU
		{D4D0AAC5-0144-4E06-8B52-D996DB0BC187}.Release|Any CPU.ActiveCfg = Release|Any CPU
		{D4D0AAC5-0144-4E06-8B52-D996DB0BC187}.Release|Any CPU.Build.0 = Release|Any CPU
		{B84D5637-482D-4352-B3B8-7948D5B0208F}.Debug|Any CPU.ActiveCfg = Debug|Any CPU
		{B84D5637-482D-4352-B3B8-7948D5B0208F}.Debug|Any CPU.Build.0 = Debug|Any CPU
		{B84D5637-482D-4352-B3B8-7948D5B0208F}.Release|Any CPU.ActiveCfg = Release|Any CPU
		{B84D5637-482D-4352-B3B8-7948D5B0208F}.Release|Any CPU.Build.0 = Release|Any CPU
		{A7440BDF-E4F7-4B12-B6F0-B7D35002E47F}.Debug|Any CPU.ActiveCfg = Debug|Any CPU
		{A7440BDF-E4F7-4B12-B6F0-B7D35002E47F}.Debug|Any CPU.Build.0 = Debug|Any CPU
		{A7440BDF-E4F7-4B12-B6F0-B7D35002E47F}.Release|Any CPU.ActiveCfg = Release|Any CPU
		{A7440BDF-E4F7-4B12-B6F0-B7D35002E47F}.Release|Any CPU.Build.0 = Release|Any CPU
		{9A681AF7-BC88-4FFB-8E6C-1F908C80D943}.Debug|Any CPU.ActiveCfg = Debug|Any CPU
		{9A681AF7-BC88-4FFB-8E6C-1F908C80D943}.Debug|Any CPU.Build.0 = Debug|Any CPU
		{9A681AF7-BC88-4FFB-8E6C-1F908C80D943}.Release|Any CPU.ActiveCfg = Release|Any CPU
		{9A681AF7-BC88-4FFB-8E6C-1F908C80D943}.Release|Any CPU.Build.0 = Release|Any CPU
		{2BCF536F-BDA6-4A2C-B2CA-512105BDD284}.Debug|Any CPU.ActiveCfg = Debug|Any CPU
		{2BCF536F-BDA6-4A2C-B2CA-512105BDD284}.Debug|Any CPU.Build.0 = Debug|Any CPU
		{2BCF536F-BDA6-4A2C-B2CA-512105BDD284}.Release|Any CPU.ActiveCfg = Release|Any CPU
		{2BCF536F-BDA6-4A2C-B2CA-512105BDD284}.Release|Any CPU.Build.0 = Release|Any CPU
		{2C72FA4F-4C50-4A87-AF79-F071111A6F19}.Debug|Any CPU.ActiveCfg = Debug|Any CPU
		{2C72FA4F-4C50-4A87-AF79-F071111A6F19}.Debug|Any CPU.Build.0 = Debug|Any CPU
		{2C72FA4F-4C50-4A87-AF79-F071111A6F19}.Release|Any CPU.ActiveCfg = Release|Any CPU
		{2C72FA4F-4C50-4A87-AF79-F071111A6F19}.Release|Any CPU.Build.0 = Release|Any CPU
		{1FB9F0B4-B9A3-41CD-BC19-533524D82FA4}.Debug|Any CPU.ActiveCfg = Debug|Any CPU
		{1FB9F0B4-B9A3-41CD-BC19-533524D82FA4}.Debug|Any CPU.Build.0 = Debug|Any CPU
		{1FB9F0B4-B9A3-41CD-BC19-533524D82FA4}.Release|Any CPU.ActiveCfg = Release|Any CPU
		{1FB9F0B4-B9A3-41CD-BC19-533524D82FA4}.Release|Any CPU.Build.0 = Release|Any CPU
		{77A19DAB-E11F-4CD3-8EE2-57331C6BCEED}.Debug|Any CPU.ActiveCfg = Debug|Any CPU
		{77A19DAB-E11F-4CD3-8EE2-57331C6BCEED}.Debug|Any CPU.Build.0 = Debug|Any CPU
		{77A19DAB-E11F-4CD3-8EE2-57331C6BCEED}.Release|Any CPU.ActiveCfg = Release|Any CPU
		{77A19DAB-E11F-4CD3-8EE2-57331C6BCEED}.Release|Any CPU.Build.0 = Release|Any CPU
	EndGlobalSection
	GlobalSection(SolutionProperties) = preSolution
		HideSolutionNode = FALSE
	EndGlobalSection
	GlobalSection(NestedProjects) = preSolution
		{A7440BDF-E4F7-4B12-B6F0-B7D35002E47F} = {90562C82-9BD4-4483-B283-4C76AD2AE2C1}
		{9A681AF7-BC88-4FFB-8E6C-1F908C80D943} = {90562C82-9BD4-4483-B283-4C76AD2AE2C1}
		{2BCF536F-BDA6-4A2C-B2CA-512105BDD284} = {90562C82-9BD4-4483-B283-4C76AD2AE2C1}
		{2C72FA4F-4C50-4A87-AF79-F071111A6F19} = {90562C82-9BD4-4483-B283-4C76AD2AE2C1}
		{1FB9F0B4-B9A3-41CD-BC19-533524D82FA4} = {69E43EBB-EF93-4BC4-B4B2-6A46A03AC173}
		{77A19DAB-E11F-4CD3-8EE2-57331C6BCEED} = {69E43EBB-EF93-4BC4-B4B2-6A46A03AC173}
	EndGlobalSection
	GlobalSection(ExtensibilityGlobals) = postSolution
		SolutionGuid = {ABF2A553-5B44-4BCB-BEAD-C4811432B58E}
	EndGlobalSection
EndGlobal
